{
  "lockfile_version": "1",
  "packages": {
    "bikeshed@latest": {
      "last_modified": "2026-06-27T07:37:20Z",
      "resolved": "github:NixOS/nixpkgs/3d46470bb3030020f7e1361f33514854f5bfa86d#bikeshed",
      "source": "devbox-search",
      "version": "7.0.7",
      "systems": {
        "aarch64-darwin": {
          "outputs": [
            {
              "name": "out",
              "path": "/nix/store/a58icyxsx4marmfk34ify5x9k1b9pzi7-bikeshed-7.0.7",
              "default": true
            },
            {
              "name": "dist",
              "path": "/nix/store/81clsi2648lg4pcdvxyvakybj4xyw8pa-bikeshed-7.0.7-dist"
            }
          ],
          "store_path": "/nix/store/a58icyxsx4marmfk34ify5x9k1b9pzi7-bikeshed-7.0.7"
        },
        "aarch64-linux": {
          "outputs": [
            {
              "name": "out",
              "path": "/nix/store/1h8pg6z7wifywkfp6zaflp4cak87nwr2-bikeshed-7.0.7",
              "default": true
            },
            {
              "name": "dist",
              "path": "/nix/store/cqb8vdb68by49wc79bls26vxa5g6fq96-bikeshed-7.0.7-dist"
            }
          ],
          "store_path": "/nix/store/1h8pg6z7wifywkfp6zaflp4cak87nwr2-bikeshed-7.0.7"
        },
        "x86_64-darwin": {
          "outputs": [
            {
              "name": "out",
              "path": "/nix/store/xw373ya70pmwlsckyx69kysbmqgbl585-bikeshed-7.0.7",
              "default": true
            },
            {
              "name": "dist",
              "path": "/nix/store/m34l5yblj7yr4239m27r9mq0p8l17m45-bikeshed-7.0.7-dist"
            }
          ],
          "store_path": "/nix/store/xw373ya70pmwlsckyx69kysbmqgbl585-bikeshed-7.0.7"
        },
        "x86_64-linux": {
          "outputs": [
            {
              "name": "out",
              "path": "/nix/store/km6j3qlqm7v271b3lx8jbp3mvnl4fcdk-bikeshed-7.0.7",
              "default": true
            },
            {
              "name": "dist",
              "path": "/nix/store/nr1fcnlhjlx3wwpfypvswj9iff1lgzif-bikeshed-7.0.7-dist"
            }
          ],
          "store_path": "/nix/store/km6j3qlqm7v271b3lx8jbp3mvnl4fcdk-bikeshed-7.0.7"
        }
      }
    },
    "github:NixOS/nixpkgs/nixpkgs-unstable": {
      "last_modified": "2026-07-05T19:27:47Z",
      "resolved": "github:NixOS/nixpkgs/f205b5574fd0cb7da5b702a2da51507b7f4fdd1b?lastModified=1783279667&narHash=sha256-%2FNAkDSsve%2BGNM0Bt6tleJdCGfsTlK89nPjkVOzZMo0s%3D"
    }
  }
}
